<?xml version="1.0" encoding="UTF-8"?>
<Project ToolsVersion="12.0" xmlns="http://schemas.microsoft.com/developer/msbuild/2003">
  <ItemGroup>
    <ClCompile Include="C:\Users\Alexander\Downloads\recastnavigation-master\recastnavigation-master\Recast\Source\Recast.cpp">
      <Filter>Source Files</Filter>
    </ClCompile>
    <ClCompile Include="C:\Users\Alexander\Downloads\recastnavigation-master\recastnavigation-master\Recast\Source\RecastAlloc.cpp">
      <Filter>Source Files</Filter>
    </ClCompile>
    <ClCompile Include="C:\Users\Alexander\Downloads\recastnavigation-master\recastnavigation-master\Recast\Source\RecastArea.cpp">
      <Filter>Source Files</Filter>
    </ClCompile>
    <ClCompile Include="C:\Users\Alexander\Downloads\recastnavigation-master\recastnavigation-master\Recast\Source\RecastContour.cpp">
      <Filter>Source Files</Filter>
    </ClCompile>
    <ClCompile Include="C:\Users\Alexander\Downloads\recastnavigation-master\recastnavigation-master\Recast\Source\RecastFilter.cpp">
      <Filter>Source Files</Filter>
    </ClCompile>
    <ClCompile Include="C:\Users\Alexander\Downloads\recastnavigation-master\recastnavigation-master\Recast\Source\RecastLayers.cpp">
      <Filter>Source Files</Filter>
    </ClCompile>
    <ClCompile Include="C:\Users\Alexander\Downloads\recastnavigation-master\recastnavigation-master\Recast\Source\RecastMesh.cpp">
      <Filter>Source Files</Filter>
    </ClCompile>
    <ClCompile Include="C:\Users\Alexander\Downloads\recastnavigation-master\recastnavigation-master\Recast\Source\RecastMeshDetail.cpp">
      <Filter>Source Files</Filter>
    </ClCompile>
    <ClCompile Include="C:\Users\Alexander\Downloads\recastnavigation-master\recastnavigation-master\Recast\Source\RecastRasterization.cpp">
      <Filter>Source Files</Filter>
    </ClCompile>
    <ClCompile Include="C:\Users\Alexander\Downloads\recastnavigation-master\recastnavigation-master\Recast\Source\RecastRegion.cpp">
      <Filter>Source Files</Filter>
    </ClCompile>
  </ItemGroup>
  <ItemGroup>
    <ClInclude Include="C:\Users\Alexander\Downloads\recastnavigation-master\recastnavigation-master\Recast\Include\Recast.h">
      <Filter>Header Files</Filter>
    </ClInclude>
    <ClInclude Include="C:\Users\Alexander\Downloads\recastnavigation-master\recastnavigation-master\Recast\Include\RecastAlloc.h">
      <Filter>Header Files</Filter>
    </ClInclude>
    <ClInclude Include="C:\Users\Alexander\Downloads\recastnavigation-master\recastnavigation-master\Recast\Include\RecastAssert.h">
      <Filter>Header Files</Filter>
    </ClInclude>
  </ItemGroup>
  <ItemGroup>
    <CustomBuild Include="C:\Users\Alexander\Downloads\recastnavigation-master\recastnavigation-master\Recast\CMakeLists.txt" />
  </ItemGroup>
  <ItemGroup>
    <Filter Include="Source Files">
      <UniqueIdentifier>{C4784FC1-1755-4F20-BC83-4E90E61D397A}</UniqueIdentifier>
    </Filter>
    <Filter Include="Header Files">
      <UniqueIdentifier>{CFC72ADF-C878-4F24-8A28-557EF8D45F06}</UniqueIdentifier>
    </Filter>
  </ItemGroup>
</Project>
