Microsoft Visual Studio Solution File, Format Version 12.00
# Visual Studio 2013
VisualStudioVersion = 12.0.21005.1
MinimumVisualStudioVersion = 10.0.40219.1
Project("{8BC9CEB8-8B4A-11D0-8D11-00A0C91BC942}") = "ALL_BUILD", "ALL_BUILD.vcxproj", "{A14E819F-E678-4A94-BDBD-A068247B5891}"
	ProjectSection(ProjectDependencies) = postProject
		{0F82103F-20F4-498C-99FF-A502930C33AD} = {0F82103F-20F4-498C-99FF-A502930C33AD}
		{137DF889-5AD1-42F3-B904-946333C604F9} = {137DF889-5AD1-42F3-B904-946333C604F9}
		{1CC5F6BC-D967-4E07-95B8-57C18006A2AE} = {1CC5F6BC-D967-4E07-95B8-57C18006A2AE}
		{7630A0ED-096B-4A69-9551-463E7227F755} = {7630A0ED-096B-4A69-9551-463E7227F755}
		{7ECF44F7-0E90-4271-B411-6C3E6431D864} = {7ECF44F7-0E90-4271-B411-6C3E6431D864}
		{7CD1D0F8-EC75-46A0-BF0A-961365223B91} = {7CD1D0F8-EC75-46A0-BF0A-961365223B91}
	EndProjectSection
EndProject
Project("{8BC9CEB8-8B4A-11D0-8D11-00A0C91BC942}") = "DebugUtils", "DebugUtils\DebugUtils.vcxproj", "{7CD1D0F8-EC75-46A0-BF0A-961365223B91}"
	ProjectSection(ProjectDependencies) = postProject
		{7ECF44F7-0E90-4271-B411-6C3E6431D864} = {7ECF44F7-0E90-4271-B411-6C3E6431D864}
	EndProjectSection
EndProject
Project("{8BC9CEB8-8B4A-11D0-8D11-00A0C91BC942}") = "Detour", "Detour\Detour.vcxproj", "{1CC5F6BC-D967-4E07-95B8-57C18006A2AE}"
	ProjectSection(ProjectDependencies) = postProject
		{7ECF44F7-0E90-4271-B411-6C3E6431D864} = {7ECF44F7-0E90-4271-B411-6C3E6431D864}
	EndProjectSection
EndProject
Project("{8BC9CEB8-8B4A-11D0-8D11-00A0C91BC942}") = "DetourCrowd", "DetourCrowd\DetourCrowd.vcxproj", "{0F82103F-20F4-498C-99FF-A502930C33AD}"
	ProjectSection(ProjectDependencies) = postProject
		{7ECF44F7-0E90-4271-B411-6C3E6431D864} = {7ECF44F7-0E90-4271-B411-6C3E6431D864}
	EndProjectSection
EndProject
Project("{8BC9CEB8-8B4A-11D0-8D11-00A0C91BC942}") = "DetourTileCache", "DetourTileCache\DetourTileCache.vcxproj", "{7630A0ED-096B-4A69-9551-463E7227F755}"
	ProjectSection(ProjectDependencies) = postProject
		{7ECF44F7-0E90-4271-B411-6C3E6431D864} = {7ECF44F7-0E90-4271-B411-6C3E6431D864}
	EndProjectSection
EndProject
Project("{8BC9CEB8-8B4A-11D0-8D11-00A0C91BC942}") = "Recast", "Recast\Recast.vcxproj", "{137DF889-5AD1-42F3-B904-946333C604F9}"
	ProjectSection(ProjectDependencies) = postProject
		{7ECF44F7-0E90-4271-B411-6C3E6431D864} = {7ECF44F7-0E90-4271-B411-6C3E6431D864}
	EndProjectSection
EndProject
Project("{8BC9CEB8-8B4A-11D0-8D11-00A0C91BC942}") = "ZERO_CHECK", "ZERO_CHECK.vcxproj", "{7ECF44F7-0E90-4271-B411-6C3E6431D864}"
EndProject
Global
	GlobalSection(SolutionConfigurationPlatforms) = preSolution
		Debug|Win32 = Debug|Win32
		MinSizeRel|Win32 = MinSizeRel|Win32
		Release|Win32 = Release|Win32
		RelWithDebInfo|Win32 = RelWithDebInfo|Win32
	EndGlobalSection
	GlobalSection(ProjectConfigurationPlatforms) = postSolution
		{A14E819F-E678-4A94-BDBD-A068247B5891}.Debug|Win32.ActiveCfg = Debug|Win32
		{A14E819F-E678-4A94-BDBD-A068247B5891}.MinSizeRel|Win32.ActiveCfg = MinSizeRel|Win32
		{A14E819F-E678-4A94-BDBD-A068247B5891}.Release|Win32.ActiveCfg = Release|Win32
		{A14E819F-E678-4A94-BDBD-A068247B5891}.RelWithDebInfo|Win32.ActiveCfg = RelWithDebInfo|Win32
		{7CD1D0F8-EC75-46A0-BF0A-961365223B91}.Debug|Win32.ActiveCfg = Debug|Win32
		{7CD1D0F8-EC75-46A0-BF0A-961365223B91}.Debug|Win32.Build.0 = Debug|Win32
		{7CD1D0F8-EC75-46A0-BF0A-961365223B91}.MinSizeRel|Win32.ActiveCfg = MinSizeRel|Win32
		{7CD1D0F8-EC75-46A0-BF0A-961365223B91}.MinSizeRel|Win32.Build.0 = MinSizeRel|Win32
		{7CD1D0F8-EC75-46A0-BF0A-961365223B91}.Release|Win32.ActiveCfg = Release|Win32
		{7CD1D0F8-EC75-46A0-BF0A-961365223B91}.Release|Win32.Build.0 = Release|Win32
		{7CD1D0F8-EC75-46A0-BF0A-961365223B91}.RelWithDebInfo|Win32.ActiveCfg = RelWithDebInfo|Win32
		{7CD1D0F8-EC75-46A0-BF0A-961365223B91}.RelWithDebInfo|Win32.Build.0 = RelWithDebInfo|Win32
		{1CC5F6BC-D967-4E07-95B8-57C18006A2AE}.Debug|Win32.ActiveCfg = Debug|Win32
		{1CC5F6BC-D967-4E07-95B8-57C18006A2AE}.Debug|Win32.Build.0 = Debug|Win32
		{1CC5F6BC-D967-4E07-95B8-57C18006A2AE}.MinSizeRel|Win32.ActiveCfg = MinSizeRel|Win32
		{1CC5F6BC-D967-4E07-95B8-57C18006A2AE}.MinSizeRel|Win32.Build.0 = MinSizeRel|Win32
		{1CC5F6BC-D967-4E07-95B8-57C18006A2AE}.Release|Win32.ActiveCfg = Release|Win32
		{1CC5F6BC-D967-4E07-95B8-57C18006A2AE}.Release|Win32.Build.0 = Release|Win32
		{1CC5F6BC-D967-4E07-95B8-57C18006A2AE}.RelWithDebInfo|Win32.ActiveCfg = RelWithDebInfo|Win32
		{1CC5F6BC-D967-4E07-95B8-57C18006A2AE}.RelWithDebInfo|Win32.Build.0 = RelWithDebInfo|Win32
		{0F82103F-20F4-498C-99FF-A502930C33AD}.Debug|Win32.ActiveCfg = Debug|Win32
		{0F82103F-20F4-498C-99FF-A502930C33AD}.Debug|Win32.Build.0 = Debug|Win32
		{0F82103F-20F4-498C-99FF-A502930C33AD}.MinSizeRel|Win32.ActiveCfg = MinSizeRel|Win32
		{0F82103F-20F4-498C-99FF-A502930C33AD}.MinSizeRel|Win32.Build.0 = MinSizeRel|Win32
		{0F82103F-20F4-498C-99FF-A502930C33AD}.Release|Win32.ActiveCfg = Release|Win32
		{0F82103F-20F4-498C-99FF-A502930C33AD}.Release|Win32.Build.0 = Release|Win32
		{0F82103F-20F4-498C-99FF-A502930C33AD}.RelWithDebInfo|Win32.ActiveCfg = RelWithDebInfo|Win32
		{0F82103F-20F4-498C-99FF-A502930C33AD}.RelWithDebInfo|Win32.Build.0 = RelWithDebInfo|Win32
		{7630A0ED-096B-4A69-9551-463E7227F755}.Debug|Win32.ActiveCfg = Debug|Win32
		{7630A0ED-096B-4A69-9551-463E7227F755}.Debug|Win32.Build.0 = Debug|Win32
		{7630A0ED-096B-4A69-9551-463E7227F755}.MinSizeRel|Win32.ActiveCfg = MinSizeRel|Win32
		{7630A0ED-096B-4A69-9551-463E7227F755}.MinSizeRel|Win32.Build.0 = MinSizeRel|Win32
		{7630A0ED-096B-4A69-9551-463E7227F755}.Release|Win32.ActiveCfg = Release|Win32
		{7630A0ED-096B-4A69-9551-463E7227F755}.Release|Win32.Build.0 = Release|Win32
		{7630A0ED-096B-4A69-9551-463E7227F755}.RelWithDebInfo|Win32.ActiveCfg = RelWithDebInfo|Win32
		{7630A0ED-096B-4A69-9551-463E7227F755}.RelWithDebInfo|Win32.Build.0 = RelWithDebInfo|Win32
		{137DF889-5AD1-42F3-B904-946333C604F9}.Debug|Win32.ActiveCfg = Debug|Win32
		{137DF889-5AD1-42F3-B904-946333C604F9}.Debug|Win32.Build.0 = Debug|Win32
		{137DF889-5AD1-42F3-B904-946333C604F9}.MinSizeRel|Win32.ActiveCfg = MinSizeRel|Win32
		{137DF889-5AD1-42F3-B904-946333C604F9}.MinSizeRel|Win32.Build.0 = MinSizeRel|Win32
		{137DF889-5AD1-42F3-B904-946333C604F9}.Release|Win32.ActiveCfg = Release|Win32
		{137DF889-5AD1-42F3-B904-946333C604F9}.Release|Win32.Build.0 = Release|Win32
		{137DF889-5AD1-42F3-B904-946333C604F9}.RelWithDebInfo|Win32.ActiveCfg = RelWithDebInfo|Win32
		{137DF889-5AD1-42F3-B904-946333C604F9}.RelWithDebInfo|Win32.Build.0 = RelWithDebInfo|Win32
		{7ECF44F7-0E90-4271-B411-6C3E6431D864}.Debug|Win32.ActiveCfg = Debug|Win32
		{7ECF44F7-0E90-4271-B411-6C3E6431D864}.Debug|Win32.Build.0 = Debug|Win32
		{7ECF44F7-0E90-4271-B411-6C3E6431D864}.MinSizeRel|Win32.ActiveCfg = MinSizeRel|Win32
		{7ECF44F7-0E90-4271-B411-6C3E6431D864}.MinSizeRel|Win32.Build.0 = MinSizeRel|Win32
		{7ECF44F7-0E90-4271-B411-6C3E6431D864}.Release|Win32.ActiveCfg = Release|Win32
		{7ECF44F7-0E90-4271-B411-6C3E6431D864}.Release|Win32.Build.0 = Release|Win32
		{7ECF44F7-0E90-4271-B411-6C3E6431D864}.RelWithDebInfo|Win32.ActiveCfg = RelWithDebInfo|Win32
		{7ECF44F7-0E90-4271-B411-6C3E6431D864}.RelWithDebInfo|Win32.Build.0 = RelWithDebInfo|Win32
	EndGlobalSection
	GlobalSection(SolutionProperties) = preSolution
		HideSolutionNode = FALSE
	EndGlobalSection
EndGlobal
